
Microsoft Visual Studio Solution File, Format Version 12.00
# Visual Studio 2012
Project("{FAE04EC0-301F-11D3-BF4B-00C04F79EFBC}") = "Labo.ServiceModel.Core", "Labo.ServiceModel.Core\Labo.ServiceModel.Core.csproj", "{A3F2182D-11F7-44CE-9B32-D3BDB7417440}"
EndProject
Project("{FAE04EC0-301F-11D3-BF4B-00C04F79EFBC}") = "Labo.ServiceModel.DynamicProxy", "Labo.ServiceModel.DynamicProxy\Labo.ServiceModel.DynamicProxy.csproj", "{384717BD-E67E-4B56-8AE6-99D545BAEEE1}"
EndProject
Project("{FAE04EC0-301F-11D3-BF4B-00C04F79EFBC}") = "Labo.WcfTestClient.Win.UI", "Labo.WcfTestClient.Win.UI\Labo.WcfTestClient.Win.UI.csproj", "{9B264DB5-B7E3-4055-B108-42614DDAFA17}"
EndProject
Global
	GlobalSection(SolutionConfigurationPlatforms) = preSolution
		Debug|Any CPU = Debug|Any CPU
		Release|Any CPU = Release|Any CPU
	EndGlobalSection
	GlobalSection(ProjectConfigurationPlatforms) = postSolution
		{A3F2182D-11F7-44CE-9B32-D3BDB7417440}.Debug|Any CPU.ActiveCfg = Debug|Any CPU
		{A3F2182D-11F7-44CE-9B32-D3BDB7417440}.Debug|Any CPU.Build.0 = Debug|Any CPU
		{A3F2182D-11F7-44CE-9B32-D3BDB7417440}.Release|Any CPU.ActiveCfg = Release|Any CPU
		{A3F2182D-11F7-44CE-9B32-D3BDB7417440}.Release|Any CPU.Build.0 = Release|Any CPU
		{384717BD-E67E-4B56-8AE6-99D545BAEEE1}.Debug|Any CPU.ActiveCfg = Debug|Any CPU
		{384717BD-E67E-4B56-8AE6-99D545BAEEE1}.Debug|Any CPU.Build.0 = Debug|Any CPU
		{384717BD-E67E-4B56-8AE6-99D545BAEEE1}.Release|Any CPU.ActiveCfg = Release|Any CPU
		{384717BD-E67E-4B56-8AE6-99D545BAEEE1}.Release|Any CPU.Build.0 = Release|Any CPU
		{9B264DB5-B7E3-4055-B108-42614DDAFA17}.Debug|Any CPU.ActiveCfg = Debug|Any CPU
		{9B264DB5-B7E3-4055-B108-42614DDAFA17}.Debug|Any CPU.Build.0 = Debug|Any CPU
		{9B264DB5-B7E3-4055-B108-42614DDAFA17}.Release|Any CPU.ActiveCfg = Release|Any CPU
		{9B264DB5-B7E3-4055-B108-42614DDAFA17}.Release|Any CPU.Build.0 = Release|Any CPU
	EndGlobalSection
	GlobalSection(SolutionProperties) = preSolution
		HideSolutionNode = FALSE
	EndGlobalSection
EndGlobal
